version: 1.2.1
dependencies:
  - name: longhorn
    repository: https://charts.longhorn.io
    version: 1.10.1
  - name: metallb
    repository: https://metallb.github.io/metallb
    version: 0.14.9
  - name: minio
    repository: https://charts.min.io/
    version: 5.2.0
  - name: n8n
    repository: https://community-charts.github.io/helm-charts
    version: 1.16.6
  - name: rancher
    repository: https://releases.rancher.com/server-charts/stable
    version: 2.13.0
  - name: sealed-secrets
    repository: https://bitnami-labs.github.io/sealed-secrets
    version: 2.17.9
  - name: traefik
    repository: https://traefik.github.io/charts
    version: 28.0.0
digest: sha256:8e899733aca6382cff9522ea73b323b4adab471480f788151133fcc2fe664936
generated: "2025-11-29T21:00:44.335733283Z"
